// !$*UTF8*$!
{
	archiveVersion = 1;
	classes = {
	};
	objectVersion = 50;
	objects = {

/* Begin PBXBuildFile section */
		8B6217F720786EDE0000C26B /* AppDelegate.swift in Sources */ = {isa = PBXBuildFile; fileRef = 8B6217F620786EDE0000C26B /* AppDelegate.swift */; };
		8B6217F920786EDE0000C26B /* ViewController.swift in Sources */ = {isa = PBXBuildFile; fileRef = 8B6217F820786EDE0000C26B /* ViewController.swift */; };
		8B6217FC20786EDE0000C26B /* Main.storyboard in Resources */ = {isa = PBXBuildFile; fileRef = 8B6217FA20786EDE0000C26B /* Main.storyboard */; };
		8B6217FE20786EDF0000C26B /* Assets.xcassets in Resources */ = {isa = PBXBuildFile; fileRef = 8B6217FD20786EDF0000C26B /* Assets.xcassets */; };
		8B62180120786EDF0000C26B /* LaunchScreen.storyboard in Resources */ = {isa = PBXBuildFile; fileRef = 8B6217FF20786EDF0000C26B /* LaunchScreen.storyboard */; };
		8B855239207912EB003D13E8 /* PluggableApplicationDelegate.swift in Sources */ = {isa = PBXBuildFile; fileRef = 8B855238207912EB003D13E8 /* PluggableApplicationDelegate.swift */; };
		8B85523D207913CD003D13E8 /* LoggerApplicationService.swift in Sources */ = {isa = PBXBuildFile; fileRef = 8B85523C207913CD003D13E8 /* LoggerApplicationService.swift */; };
		8B85523F207913DA003D13E8 /* AnalyticsApplicationService.swift in Sources */ = {isa = PBXBuildFile; fileRef = 8B85523E207913DA003D13E8 /* AnalyticsApplicationService.swift */; };
		8B855241207913E7003D13E8 /* BootApplicationService.swift in Sources */ = {isa = PBXBuildFile; fileRef = 8B855240207913E7003D13E8 /* BootApplicationService.swift */; };
		8B855243207913F4003D13E8 /* ShortcutApplicationService.swift in Sources */ = {isa = PBXBuildFile; fileRef = 8B855242207913F4003D13E8 /* ShortcutApplicationService.swift */; };
		8B855245207913FF003D13E8 /* NotificationApplicationService.swift in Sources */ = {isa = PBXBuildFile; fileRef = 8B855244207913FF003D13E8 /* NotificationApplicationService.swift */; };
		8B8552472079140D003D13E8 /* ThemeApplicationService.swift in Sources */ = {isa = PBXBuildFile; fileRef = 8B8552462079140D003D13E8 /* ThemeApplicationService.swift */; };
		8B8552492079142D003D13E8 /* DeepLinkApplicationService.swift in Sources */ = {isa = PBXBuildFile; fileRef = 8B8552482079142D003D13E8 /* DeepLinkApplicationService.swift */; };
		8B85524B2079153F003D13E8 /* ErrorApplicationService.swift in Sources */ = {isa = PBXBuildFile; fileRef = 8B85524A2079153F003D13E8 /* ErrorApplicationService.swift */; };
		8B85524D20792AD8003D13E8 /* PluggableController.swift in Sources */ = {isa = PBXBuildFile; fileRef = 8B85524C20792AD8003D13E8 /* PluggableController.swift */; };
		8B85525020792B3B003D13E8 /* ChatControllerService.swift in Sources */ = {isa = PBXBuildFile; fileRef = 8B85524F20792B3B003D13E8 /* ChatControllerService.swift */; };
/* End PBXBuildFile section */

/* Begin PBXFileReference section */
		8B6217F320786EDE0000C26B /* PluggableAppDelegate.app */ = {isa = PBXFileReference; explicitFileType = wrapper.application; includeInIndex = 0; path = PluggableAppDelegate.app; sourceTree = BUILT_PRODUCTS_DIR; };
		8B6217F620786EDE0000C26B /* AppDelegate.swift */ = {isa = PBXFileReference; lastKnownFileType = sourcecode.swift; path = AppDelegate.swift; sourceTree = "<group>"; };
		8B6217F820786EDE0000C26B /* ViewController.swift */ = {isa = PBXFileReference; lastKnownFileType = sourcecode.swift; path = ViewController.swift; sourceTree = "<group>"; };
		8B6217FB20786EDE0000C26B /* Base */ = {isa = PBXFileReference; lastKnownFileType = file.storyboard; name = Base; path = Base.lproj/Main.storyboard; sourceTree = "<group>"; };
		8B6217FD20786EDF0000C26B /* Assets.xcassets */ = {isa = PBXFileReference; lastKnownFileType = folder.assetcatalog; path = Assets.xcassets; sourceTree = "<group>"; };
		8B62180020786EDF0000C26B /* Base */ = {isa = PBXFileReference; lastKnownFileType = file.storyboard; name = Base; path = Base.lproj/LaunchScreen.storyboard; sourceTree = "<group>"; };
		8B62180220786EDF0000C26B /* Info.plist */ = {isa = PBXFileReference; lastKnownFileType = text.plist.xml; path = Info.plist; sourceTree = "<group>"; };
		8B855238207912EB003D13E8 /* PluggableApplicationDelegate.swift */ = {isa = PBXFileReference; lastKnownFileType = sourcecode.swift; path = PluggableApplicationDelegate.swift; sourceTree = "<group>"; };
		8B85523C207913CD003D13E8 /* LoggerApplicationService.swift */ = {isa = PBXFileReference; lastKnownFileType = sourcecode.swift; path = LoggerApplicationService.swift; sourceTree = "<group>"; };
		8B85523E207913DA003D13E8 /* AnalyticsApplicationService.swift */ = {isa = PBXFileReference; lastKnownFileType = sourcecode.swift; path = AnalyticsApplicationService.swift; sourceTree = "<group>"; };
		8B855240207913E7003D13E8 /* BootApplicationService.swift */ = {isa = PBXFileReference; lastKnownFileType = sourcecode.swift; path = BootApplicationService.swift; sourceTree = "<group>"; };
		8B855242207913F4003D13E8 /* ShortcutApplicationService.swift */ = {isa = PBXFileReference; lastKnownFileType = sourcecode.swift; path = ShortcutApplicationService.swift; sourceTree = "<group>"; };
		8B855244207913FF003D13E8 /* NotificationApplicationService.swift */ = {isa = PBXFileReference; lastKnownFileType = sourcecode.swift; path = NotificationApplicationService.swift; sourceTree = "<group>"; };
		8B8552462079140D003D13E8 /* ThemeApplicationService.swift */ = {isa = PBXFileReference; lastKnownFileType = sourcecode.swift; path = ThemeApplicationService.swift; sourceTree = "<group>"; };
		8B8552482079142D003D13E8 /* DeepLinkApplicationService.swift */ = {isa = PBXFileReference; lastKnownFileType = sourcecode.swift; path = DeepLinkApplicationService.swift; sourceTree = "<group>"; };
		8B85524A2079153F003D13E8 /* ErrorApplicationService.swift */ = {isa = PBXFileReference; lastKnownFileType = sourcecode.swift; path = ErrorApplicationService.swift; sourceTree = "<group>"; };
		8B85524C20792AD8003D13E8 /* PluggableController.swift */ = {isa = PBXFileReference; lastKnownFileType = sourcecode.swift; path = PluggableController.swift; sourceTree = "<group>"; };
		8B85524F20792B3B003D13E8 /* ChatControllerService.swift */ = {isa = PBXFileReference; lastKnownFileType = sourcecode.swift; path = ChatControllerService.swift; sourceTree = "<group>"; };
/* End PBXFileReference section */

/* Begin PBXFrameworksBuildPhase section */
		8B6217F020786EDE0000C26B /* Frameworks */ = {
			isa = PBXFrameworksBuildPhase;
			buildActionMask = 2147483647;
			files = (
			);
			runOnlyForDeploymentPostprocessing = 0;
		};
/* End PBXFrameworksBuildPhase section */

/* Begin PBXGroup section */
		8B6217EA20786EDE0000C26B = {
			isa = PBXGroup;
			children = (
				8B6217F520786EDE0000C26B /* PluggableAppDelegate */,
				8B6217F420786EDE0000C26B /* Products */,
			);
			sourceTree = "<group>";
		};
		8B6217F420786EDE0000C26B /* Products */ = {
			isa = PBXGroup;
			children = (
				8B6217F320786EDE0000C26B /* PluggableAppDelegate.app */,
			);
			name = Products;
			sourceTree = "<group>";
		};
		8B6217F520786EDE0000C26B /* PluggableAppDelegate */ = {
			isa = PBXGroup;
			children = (
				8B85523B20791322003D13E8 /* Sources */,
				8B855237207912DA003D13E8 /* AppServices */,
				8B85524E20792B28003D13E8 /* ControllerServices */,
				8B6217F620786EDE0000C26B /* AppDelegate.swift */,
				8B6217F820786EDE0000C26B /* ViewController.swift */,
				8B6217FA20786EDE0000C26B /* Main.storyboard */,
				8B6217FD20786EDF0000C26B /* Assets.xcassets */,
				8B6217FF20786EDF0000C26B /* LaunchScreen.storyboard */,
				8B62180220786EDF0000C26B /* Info.plist */,
			);
			path = PluggableAppDelegate;
			sourceTree = "<group>";
		};
		8B855237207912DA003D13E8 /* AppServices */ = {
			isa = PBXGroup;
			children = (
				8B85524A2079153F003D13E8 /* ErrorApplicationService.swift */,
				8B85523C207913CD003D13E8 /* LoggerApplicationService.swift */,
				8B85523E207913DA003D13E8 /* AnalyticsApplicationService.swift */,
				8B855240207913E7003D13E8 /* BootApplicationService.swift */,
				8B855242207913F4003D13E8 /* ShortcutApplicationService.swift */,
				8B855244207913FF003D13E8 /* NotificationApplicationService.swift */,
				8B8552462079140D003D13E8 /* ThemeApplicationService.swift */,
				8B8552482079142D003D13E8 /* DeepLinkApplicationService.swift */,
			);
			path = AppServices;
			sourceTree = "<group>";
		};
		8B85523B20791322003D13E8 /* Sources */ = {
			isa = PBXGroup;
			children = (
				8B855238207912EB003D13E8 /* PluggableApplicationDelegate.swift */,
				8B85524C20792AD8003D13E8 /* PluggableController.swift */,
			);
			path = Sources;
			sourceTree = "<group>";
		};
		8B85524E20792B28003D13E8 /* ControllerServices */ = {
			isa = PBXGroup;
			children = (
				8B85524F20792B3B003D13E8 /* ChatControllerService.swift */,
			);
			path = ControllerServices;
			sourceTree = "<group>";
		};
/* End PBXGroup section */

/* Begin PBXNativeTarget section */
		8B6217F220786EDE0000C26B /* PluggableAppDelegate */ = {
			isa = PBXNativeTarget;
			buildConfigurationList = 8B62180520786EDF0000C26B /* Build configuration list for PBXNativeTarget "PluggableAppDelegate" */;
			buildPhases = (
				8B6217EF20786EDE0000C26B /* Sources */,
				8B6217F020786EDE0000C26B /* Frameworks */,
				8B6217F120786EDE0000C26B /* Resources */,
			);
			buildRules = (
			);
			dependencies = (
			);
			name = PluggableAppDelegate;
			productName = PluggableAppDelegate;
			productReference = 8B6217F320786EDE0000C26B /* PluggableAppDelegate.app */;
			productType = "com.apple.product-type.application";
		};
/* End PBXNativeTarget section */

/* Begin PBXProject section */
		8B6217EB20786EDE0000C26B /* Project object */ = {
			isa = PBXProject;
			attributes = {
				LastSwiftUpdateCheck = 0930;
				LastUpgradeCheck = 0930;
				ORGANIZATIONNAME = "Basem Emara";
				TargetAttributes = {
					8B6217F220786EDE0000C26B = {
						CreatedOnToolsVersion = 9.3;
					};
				};
			};
			buildConfigurationList = 8B6217EE20786EDE0000C26B /* Build configuration list for PBXProject "PluggableAppDelegate" */;
			compatibilityVersion = "Xcode 9.3";
			developmentRegion = en;
			hasScannedForEncodings = 0;
			knownRegions = (
				en,
				Base,
			);
			mainGroup = 8B6217EA20786EDE0000C26B;
			productRefGroup = 8B6217F420786EDE0000C26B /* Products */;
			projectDirPath = "";
			projectRoot = "";
			targets = (
				8B6217F220786EDE0000C26B /* PluggableAppDelegate */,
			);
		};
/* End PBXProject section */

/* Begin PBXResourcesBuildPhase section */
		8B6217F120786EDE0000C26B /* Resources */ = {
			isa = PBXResourcesBuildPhase;
			buildActionMask = 2147483647;
			files = (
				8B62180120786EDF0000C26B /* LaunchScreen.storyboard in Resources */,
				8B6217FE20786EDF0000C26B /* Assets.xcassets in Resources */,
				8B6217FC20786EDE0000C26B /* Main.storyboard in Resources */,
			);
			runOnlyForDeploymentPostprocessing = 0;
		};
/* End PBXResourcesBuildPhase section */

/* Begin PBXSourcesBuildPhase section */
		8B6217EF20786EDE0000C26B /* Sources */ = {
			isa = PBXSourcesBuildPhase;
			buildActionMask = 2147483647;
			files = (
				8B8552472079140D003D13E8 /* ThemeApplicationService.swift in Sources */,
				8B85525020792B3B003D13E8 /* ChatControllerService.swift in Sources */,
				8B6217F920786EDE0000C26B /* ViewController.swift in Sources */,
				8B855239207912EB003D13E8 /* PluggableApplicationDelegate.swift in Sources */,
				8B855241207913E7003D13E8 /* BootApplicationService.swift in Sources */,
				8B855245207913FF003D13E8 /* NotificationApplicationService.swift in Sources */,
				8B85524B2079153F003D13E8 /* ErrorApplicationService.swift in Sources */,
				8B85523D207913CD003D13E8 /* LoggerApplicationService.swift in Sources */,
				8B85524D20792AD8003D13E8 /* PluggableController.swift in Sources */,
				8B8552492079142D003D13E8 /* DeepLinkApplicationService.swift in Sources */,
				8B85523F207913DA003D13E8 /* AnalyticsApplicationService.swift in Sources */,
				8B6217F720786EDE0000C26B /* AppDelegate.swift in Sources */,
				8B855243207913F4003D13E8 /* ShortcutApplicationService.swift in Sources */,
			);
			runOnlyForDeploymentPostprocessing = 0;
		};
/* End PBXSourcesBuildPhase section */

/* Begin PBXVariantGroup section */
		8B6217FA20786EDE0000C26B /* Main.storyboard */ = {
			isa = PBXVariantGroup;
			children = (
				8B6217FB20786EDE0000C26B /* Base */,
			);
			name = Main.storyboard;
			sourceTree = "<group>";
		};
		8B6217FF20786EDF0000C26B /* LaunchScreen.storyboard */ = {
			isa = PBXVariantGroup;
			children = (
				8B62180020786EDF0000C26B /* Base */,
			);
			name = LaunchScreen.storyboard;
			sourceTree = "<group>";
		};
/* End PBXVariantGroup section */

/* Begin XCBuildConfiguration section */
		8B62180320786EDF0000C26B /* Debug */ = {
			isa = XCBuildConfiguration;
			buildSettings = {
				ALWAYS_SEARCH_USER_PATHS = NO;
				CLANG_ANALYZER_NONNULL = YES;
				CLANG_ANALYZER_NUMBER_OBJECT_CONVERSION = YES_AGGRESSIVE;
				CLANG_CXX_LANGUAGE_STANDARD = "gnu++14";
				CLANG_CXX_LIBRARY = "libc++";
				CLANG_ENABLE_MODULES = YES;
				CLANG_ENABLE_OBJC_ARC = YES;
				CLANG_ENABLE_OBJC_WEAK = YES;
				CLANG_WARN_BLOCK_CAPTURE_AUTORELEASING = YES;
				CLANG_WARN_BOOL_CONVERSION = YES;
				CLANG_WARN_COMMA = YES;
				CLANG_WARN_CONSTANT_CONVERSION = YES;
				CLANG_WARN_DEPRECATED_OBJC_IMPLEMENTATIONS = YES;
				CLANG_WARN_DIRECT_OBJC_ISA_USAGE = YES_ERROR;
				CLANG_WARN_DOCUMENTATION_COMMENTS = YES;
				CLANG_WARN_EMPTY_BODY = YES;
				CLANG_WARN_ENUM_CONVERSION = YES;
				CLANG_WARN_INFINITE_RECURSION = YES;
				CLANG_WARN_INT_CONVERSION = YES;
				CLANG_WARN_NON_LITERAL_NULL_CONVERSION = YES;
				CLANG_WARN_OBJC_IMPLICIT_RETAIN_SELF = YES;
				CLANG_WARN_OBJC_LITERAL_CONVERSION = YES;
				CLANG_WARN_OBJC_ROOT_CLASS = YES_ERROR;
				CLANG_WARN_RANGE_LOOP_ANALYSIS = YES;
				CLANG_WARN_STRICT_PROTOTYPES = YES;
				CLANG_WARN_SUSPICIOUS_MOVE = YES;
				CLANG_WARN_UNGUARDED_AVAILABILITY = YES_AGGRESSIVE;
				CLANG_WARN_UNREACHABLE_CODE = YES;
				CLANG_WARN__DUPLICATE_METHOD_MATCH = YES;
				CODE_SIGN_IDENTITY = "iPhone Developer";
				COPY_PHASE_STRIP = NO;
				DEBUG_INFORMATION_FORMAT = dwarf;
				ENABLE_STRICT_OBJC_MSGSEND = YES;
				ENABLE_TESTABILITY = YES;
				GCC_C_LANGUAGE_STANDARD = gnu11;
				GCC_DYNAMIC_NO_PIC = NO;
				GCC_NO_COMMON_BLOCKS = YES;
				GCC_OPTIMIZATION_LEVEL = 0;
				GCC_PREPROCESSOR_DEFINITIONS = (
					"DEBUG=1",
					"$(inherited)",
				);
				GCC_WARN_64_TO_32_BIT_CONVERSION = YES;
				GCC_WARN_ABOUT_RETURN_TYPE = YES_ERROR;
				GCC_WARN_UNDECLARED_SELECTOR = YES;
				GCC_WARN_UNINITIALIZED_AUTOS = YES_AGGRESSIVE;
				GCC_WARN_UNUSED_FUNCTION = YES;
				GCC_WARN_UNUSED_VARIABLE = YES;
				IPHONEOS_DEPLOYMENT_TARGET = 11.3;
				MTL_ENABLE_DEBUG_INFO = YES;
				ONLY_ACTIVE_ARCH = YES;
				SDKROOT = iphoneos;
				SWIFT_ACTIVE_COMPILATION_CONDITIONS = DEBUG;
				SWIFT_OPTIMIZATION_LEVEL = "-Onone";
			};
			name = Debug;
		};
		8B62180420786EDF0000C26B /* Release */ = {
			isa = XCBuildConfiguration;
			buildSettings = {
				ALWAYS_SEARCH_USER_PATHS = NO;
				CLANG_ANALYZER_NONNULL = YES;
				CLANG_ANALYZER_NUMBER_OBJECT_CONVERSION = YES_AGGRESSIVE;
				CLANG_CXX_LANGUAGE_STANDARD = "gnu++14";
				CLANG_CXX_LIBRARY = "libc++";
				CLANG_ENABLE_MODULES = YES;
				CLANG_ENABLE_OBJC_ARC = YES;
				CLANG_ENABLE_OBJC_WEAK = YES;
				CLANG_WARN_BLOCK_CAPTURE_AUTORELEASING = YES;
				CLANG_WARN_BOOL_CONVERSION = YES;
				CLANG_WARN_COMMA = YES;
				CLANG_WARN_CONSTANT_CONVERSION = YES;
				CLANG_WARN_DEPRECATED_OBJC_IMPLEMENTATIONS = YES;
				CLANG_WARN_DIRECT_OBJC_ISA_USAGE = YES_ERROR;
				CLANG_WARN_DOCUMENTATION_COMMENTS = YES;
				CLANG_WARN_EMPTY_BODY = YES;
				CLANG_WARN_ENUM_CONVERSION = YES;
				CLANG_WARN_INFINITE_RECURSION = YES;
				CLANG_WARN_INT_CONVERSION = YES;
				CLANG_WARN_NON_LITERAL_NULL_CONVERSION = YES;
				CLANG_WARN_OBJC_IMPLICIT_RETAIN_SELF = YES;
				CLANG_WARN_OBJC_LITERAL_CONVERSION = YES;
				CLANG_WARN_OBJC_ROOT_CLASS = YES_ERROR;
				CLANG_WARN_RANGE_LOOP_ANALYSIS = YES;
				CLANG_WARN_STRICT_PROTOTYPES = YES;
				CLANG_WARN_SUSPICIOUS_MOVE = YES;
				CLANG_WARN_UNGUARDED_AVAILABILITY = YES_AGGRESSIVE;
				CLANG_WARN_UNREACHABLE_CODE = YES;
				CLANG_WARN__DUPLICATE_METHOD_MATCH = YES;
				CODE_SIGN_IDENTITY = "iPhone Developer";
				COPY_PHASE_STRIP = NO;
				DEBUG_INFORMATION_FORMAT = "dwarf-with-dsym";
				ENABLE_NS_ASSERTIONS = NO;
				ENABLE_STRICT_OBJC_MSGSEND = YES;
				GCC_C_LANGUAGE_STANDARD = gnu11;
				GCC_NO_COMMON_BLOCKS = YES;
				GCC_WARN_64_TO_32_BIT_CONVERSION = YES;
				GCC_WARN_ABOUT_RETURN_TYPE = YES_ERROR;
				GCC_WARN_UNDECLARED_SELECTOR = YES;
				GCC_WARN_UNINITIALIZED_AUTOS = YES_AGGRESSIVE;
				GCC_WARN_UNUSED_FUNCTION = YES;
				GCC_WARN_UNUSED_VARIABLE = YES;
				IPHONEOS_DEPLOYMENT_TARGET = 11.3;
				MTL_ENABLE_DEBUG_INFO = NO;
				SDKROOT = iphoneos;
				SWIFT_COMPILATION_MODE = wholemodule;
				SWIFT_OPTIMIZATION_LEVEL = "-O";
				VALIDATE_PRODUCT = YES;
			};
			name = Release;
		};
		8B62180620786EDF0000C26B /* Debug */ = {
			isa = XCBuildConfiguration;
			buildSettings = {
				ASSETCATALOG_COMPILER_APPICON_NAME = AppIcon;
				CODE_SIGN_STYLE = Manual;
				DEVELOPMENT_TEAM = "";
				INFOPLIST_FILE = PluggableAppDelegate/Info.plist;
				LD_RUNPATH_SEARCH_PATHS = (
					"$(inherited)",
					"@executable_path/Frameworks",
				);
				PRODUCT_BUNDLE_IDENTIFIER = com.basememara.PluggableAppDelegate;
				PRODUCT_NAME = "$(TARGET_NAME)";
				PROVISIONING_PROFILE_SPECIFIER = "";
				SWIFT_VERSION = 4.0;
				TARGETED_DEVICE_FAMILY = "1,2";
			};
			name = Debug;
		};
		8B62180720786EDF0000C26B /* Release */ = {
			isa = XCBuildConfiguration;
			buildSettings = {
				ASSETCATALOG_COMPILER_APPICON_NAME = AppIcon;
				CODE_SIGN_STYLE = Manual;
				DEVELOPMENT_TEAM = "";
				INFOPLIST_FILE = PluggableAppDelegate/Info.plist;
				LD_RUNPATH_SEARCH_PATHS = (
					"$(inherited)",
					"@executable_path/Frameworks",
				);
				PRODUCT_BUNDLE_IDENTIFIER = com.basememara.PluggableAppDelegate;
				PRODUCT_NAME = "$(TARGET_NAME)";
				PROVISIONING_PROFILE_SPECIFIER = "";
				SWIFT_VERSION = 4.0;
				TARGETED_DEVICE_FAMILY = "1,2";
			};
			name = Release;
		};
/* End XCBuildConfiguration section */

/* Begin XCConfigurationList section */
		8B6217EE20786EDE0000C26B /* Build configuration list for PBXProject "PluggableAppDelegate" */ = {
			isa = XCConfigurationList;
			buildConfigurations = (
				8B62180320786EDF0000C26B /* Debug */,
				8B62180420786EDF0000C26B /* Release */,
			);
			defaultConfigurationIsVisible = 0;
			defaultConfigurationName = Release;
		};
		8B62180520786EDF0000C26B /* Build configuration list for PBXNativeTarget "PluggableAppDelegate" */ = {
			isa = XCConfigurationList;
			buildConfigurations = (
				8B62180620786EDF0000C26B /* Debug */,
				8B62180720786EDF0000C26B /* Release */,
			);
			defaultConfigurationIsVisible = 0;
			defaultConfigurationName = Release;
		};
/* End XCConfigurationList section */
	};
	rootObject = 8B6217EB20786EDE0000C26B /* Project object */;
}
